
Microsoft Visual Studio Solution File, Format Version 12.00
# Visual Studio 15
Project("{FAE04EC0-301F-11D3-BF4B-00C04F79EFBC}") = "Assembly-CSharp", "Assembly-CSharp.csproj", "{1435BD19-C8AB-1397-D79D-9ABF4C7E35CA}"
EndProject
Project("{FAE04EC0-301F-11D3-BF4B-00C04F79EFBC}") = "Assembly-CSharp-firstpass", "Assembly-CSharp-firstpass.csproj", "{A7E3C6BC-9F39-3B02-9E33-8EA8641FB0FF}"
EndProject
Global
	GlobalSection(SolutionConfigurationPlatforms) = preSolution
		Debug|Any CPU = Debug|Any CPU
		Release|Any CPU = Release|Any CPU
	EndGlobalSection
	GlobalSection(ProjectConfigurationPlatforms) = postSolution
		{1435BD19-C8AB-1397-D79D-9ABF4C7E35CA}.Debug|Any CPU.ActiveCfg = Debug|Any CPU
		{1435BD19-C8AB-1397-D79D-9ABF4C7E35CA}.Debug|Any CPU.Build.0 = Debug|Any CPU
		{1435BD19-C8AB-1397-D79D-9ABF4C7E35CA}.Release|Any CPU.ActiveCfg = Release|Any CPU
		{1435BD19-C8AB-1397-D79D-9ABF4C7E35CA}.Release|Any CPU.Build.0 = Release|Any CPU
		{A7E3C6BC-9F39-3B02-9E33-8EA8641FB0FF}.Debug|Any CPU.ActiveCfg = Debug|Any CPU
		{A7E3C6BC-9F39-3B02-9E33-8EA8641FB0FF}.Debug|Any CPU.Build.0 = Debug|Any CPU
		{A7E3C6BC-9F39-3B02-9E33-8EA8641FB0FF}.Release|Any CPU.ActiveCfg = Release|Any CPU
		{A7E3C6BC-9F39-3B02-9E33-8EA8641FB0FF}.Release|Any CPU.Build.0 = Release|Any CPU
	EndGlobalSection
	GlobalSection(SolutionProperties) = preSolution
		HideSolutionNode = FALSE
	EndGlobalSection
EndGlobal
